{
  "name": "cross-platform-c-docs",
  "lockfileVersion": 3,
  "requires": true,
  "packages": {
    "": {
      "name": "cross-platform-c-docs",
      "devDependencies": {
        "@xpack-3rd-party/doxygen-awesome-css": "2.3.4-1"
      }
    },
    "node_modules/@xpack-3rd-party/doxygen-awesome-css": {
      "version": "2.3.4-1",
      "resolved": "https://registry.npmjs.org/@xpack-3rd-party/doxygen-awesome-css/-/doxygen-awesome-css-2.3.4-1.tgz",
      "integrity": "sha512-rRZhbTzUG0bsespm7AHR1qTIo/ISxpBBFV+JuxAEsiNkGkTxF7sE2r02Vcp7eG6ETCDu2LajFJKlEOZXpkctUg==",
      "dev": true,
      "license": "MIT"
    }
  }
}
